
Microsoft Visual Studio Solution File, Format Version 12.00
# Visual Studio Version 16
VisualStudioVersion = 16.0.31025.194
MinimumVisualStudioVersion = 10.0.40219.1
Project("{FAE04EC0-301F-11D3-BF4B-00C04F79EFBC}") = "C-Sharp", "C-Sharp\C-Sharp.csproj", "{311943A5-38ED-44E4-A2D3-C7403CBFA656}"
EndProject
Global
	GlobalSection(SolutionConfigurationPlatforms) = preSolution
		Debug|Any CPU = Debug|Any CPU
		Release|Any CPU = Release|Any CPU
	EndGlobalSection
	GlobalSection(ProjectConfigurationPlatforms) = postSolution
		{311943A5-38ED-44E4-A2D3-C7403CBFA656}.Debug|Any CPU.ActiveCfg = Debug|Any CPU
		{311943A5-38ED-44E4-A2D3-C7403CBFA656}.Debug|Any CPU.Build.0 = Debug|Any CPU
		{311943A5-38ED-44E4-A2D3-C7403CBFA656}.Release|Any CPU.ActiveCfg = Release|Any CPU
		{311943A5-38ED-44E4-A2D3-C7403CBFA656}.Release|Any CPU.Build.0 = Release|Any CPU
	EndGlobalSection
	GlobalSection(SolutionProperties) = preSolution
		HideSolutionNode = FALSE
	EndGlobalSection
	GlobalSection(ExtensibilityGlobals) = postSolution
		SolutionGuid = {1D416738-1997-4139-8D1F-C723D3219891}
	EndGlobalSection
EndGlobal
